
Microsoft Visual Studio Solution File, Format Version 12.00
# Visual Studio Version 16
VisualStudioVersion = 16.0.30907.101
MinimumVisualStudioVersion = 10.0.40219.1
Project("{FAE04EC0-301F-11D3-BF4B-00C04F79EFBC}") = "In-Class 3", "In-Class 3\In-Class 3.csproj", "{9C31103A-4757-4BB4-BFEA-B3F5C2C2C915}"
EndProject
Global
	GlobalSection(SolutionConfigurationPlatforms) = preSolution
		Debug|Any CPU = Debug|Any CPU
		Release|Any CPU = Release|Any CPU
	EndGlobalSection
	GlobalSection(ProjectConfigurationPlatforms) = postSolution
		{9C31103A-4757-4BB4-BFEA-B3F5C2C2C915}.Debug|Any CPU.ActiveCfg = Debug|Any CPU
		{9C31103A-4757-4BB4-BFEA-B3F5C2C2C915}.Debug|Any CPU.Build.0 = Debug|Any CPU
		{9C31103A-4757-4BB4-BFEA-B3F5C2C2C915}.Release|Any CPU.ActiveCfg = Release|Any CPU
		{9C31103A-4757-4BB4-BFEA-B3F5C2C2C915}.Release|Any CPU.Build.0 = Release|Any CPU
	EndGlobalSection
	GlobalSection(SolutionProperties) = preSolution
		HideSolutionNode = FALSE
	EndGlobalSection
	GlobalSection(ExtensibilityGlobals) = postSolution
		SolutionGuid = {F25478A6-52AF-4AB7-9061-C3F37E0972F5}
	EndGlobalSection
EndGlobal
